
Microsoft Visual Studio Solution File, Format Version 12.00
# Visual Studio Version 17
VisualStudioVersion = 17.0.31903.59
MinimumVisualStudioVersion = 10.0.40219.1
Project("{2150E333-8FDC-42A3-9474-1A3956D46DE8}") = "src", "src", "{827E0CD3-B72D-47B6-A68D-7590B98EB39B}"
EndProject
Project("{FAE04EC0-301F-11D3-BF4B-00C04F79EFBC}") = "ConwayGameOfLife.Domain", "src\ConwayGameOfLife.Domain\ConwayGameOfLife.Domain.csproj", "{C531E153-2BB1-4E4E-885C-A97F640D8107}"
EndProject
Project("{FAE04EC0-301F-11D3-BF4B-00C04F79EFBC}") = "ConwayGameOfLife.Application", "src\ConwayGameOfLife.Application\ConwayGameOfLife.Application.csproj", "{CED73DA6-4599-403D-B14F-549FB884E904}"
EndProject
Project("{FAE04EC0-301F-11D3-BF4B-00C04F79EFBC}") = "ConwayGameOfLife.Infrastructure", "src\ConwayGameOfLife.Infrastructure\ConwayGameOfLife.Infrastructure.csproj", "{C7498D0C-9F9E-4C57-82BB-2B53C3DD53FA}"
EndProject
Project("{FAE04EC0-301F-11D3-BF4B-00C04F79EFBC}") = "ConwayGameOfLife.Api", "src\ConwayGameOfLife.Api\ConwayGameOfLife.Api.csproj", "{06841E2D-7CBA-40FA-A880-F372C9F3BEEA}"
EndProject
Project("{2150E333-8FDC-42A3-9474-1A3956D46DE8}") = "tests", "tests", "{0AB3BF05-4346-4AA6-1389-037BE0695223}"
EndProject
Project("{FAE04EC0-301F-11D3-BF4B-00C04F79EFBC}") = "ConwayGameOfLife.Tests", "tests\ConwayGameOfLife.Tests\ConwayGameOfLife.Tests.csproj", "{34E035F9-9ACD-4AC1-8749-1954528C6DE3}"
EndProject
Project("{FAE04EC0-301F-11D3-BF4B-00C04F79EFBC}") = "ConwayGameOfLife.Integration.Tests", "tests\ConwayGameOfLife.Integration.Tests\ConwayGameOfLife.Integration.Tests.csproj", "{F6B6A751-AFB2-422C-8A28-837F6A2111D2}"
EndProject
Global
	GlobalSection(SolutionConfigurationPlatforms) = preSolution
		Debug|Any CPU = Debug|Any CPU
		Debug|x64 = Debug|x64
		Debug|x86 = Debug|x86
		Release|Any CPU = Release|Any CPU
		Release|x64 = Release|x64
		Release|x86 = Release|x86
	EndGlobalSection
	GlobalSection(ProjectConfigurationPlatforms) = postSolution
		{C531E153-2BB1-4E4E-885C-A97F640D8107}.Debug|Any CPU.ActiveCfg = Debug|Any CPU
		{C531E153-2BB1-4E4E-885C-A97F640D8107}.Debug|Any CPU.Build.0 = Debug|Any CPU
		{C531E153-2BB1-4E4E-885C-A97F640D8107}.Debug|x64.ActiveCfg = Debug|Any CPU
		{C531E153-2BB1-4E4E-885C-A97F640D8107}.Debug|x64.Build.0 = Debug|Any CPU
		{C531E153-2BB1-4E4E-885C-A97F640D8107}.Debug|x86.ActiveCfg = Debug|Any CPU
		{C531E153-2BB1-4E4E-885C-A97F640D8107}.Debug|x86.Build.0 = Debug|Any CPU
		{C531E153-2BB1-4E4E-885C-A97F640D8107}.Release|Any CPU.ActiveCfg = Release|Any CPU
		{C531E153-2BB1-4E4E-885C-A97F640D8107}.Release|Any CPU.Build.0 = Release|Any CPU
		{C531E153-2BB1-4E4E-885C-A97F640D8107}.Release|x64.ActiveCfg = Release|Any CPU
		{C531E153-2BB1-4E4E-885C-A97F640D8107}.Release|x64.Build.0 = Release|Any CPU
		{C531E153-2BB1-4E4E-885C-A97F640D8107}.Release|x86.ActiveCfg = Release|Any CPU
		{C531E153-2BB1-4E4E-885C-A97F640D8107}.Release|x86.Build.0 = Release|Any CPU
		{CED73DA6-4599-403D-B14F-549FB884E904}.Debug|Any CPU.ActiveCfg = Debug|Any CPU
		{CED73DA6-4599-403D-B14F-549FB884E904}.Debug|Any CPU.Build.0 = Debug|Any CPU
		{CED73DA6-4599-403D-B14F-549FB884E904}.Debug|x64.ActiveCfg = Debug|Any CPU
		{CED73DA6-4599-403D-B14F-549FB884E904}.Debug|x64.Build.0 = Debug|Any CPU
		{CED73DA6-4599-403D-B14F-549FB884E904}.Debug|x86.ActiveCfg = Debug|Any CPU
		{CED73DA6-4599-403D-B14F-549FB884E904}.Debug|x86.Build.0 = Debug|Any CPU
		{CED73DA6-4599-403D-B14F-549FB884E904}.Release|Any CPU.ActiveCfg = Release|Any CPU
		{CED73DA6-4599-403D-B14F-549FB884E904}.Release|Any CPU.Build.0 = Release|Any CPU
		{CED73DA6-4599-403D-B14F-549FB884E904}.Release|x64.ActiveCfg = Release|Any CPU
		{CED73DA6-4599-403D-B14F-549FB884E904}.Release|x64.Build.0 = Release|Any CPU
		{CED73DA6-4599-403D-B14F-549FB884E904}.Release|x86.ActiveCfg = Release|Any CPU
		{CED73DA6-4599-403D-B14F-549FB884E904}.Release|x86.Build.0 = Release|Any CPU
		{C7498D0C-9F9E-4C57-82BB-2B53C3DD53FA}.Debug|Any CPU.ActiveCfg = Debug|Any CPU
		{C7498D0C-9F9E-4C57-82BB-2B53C3DD53FA}.Debug|Any CPU.Build.0 = Debug|Any CPU
		{C7498D0C-9F9E-4C57-82BB-2B53C3DD53FA}.Debug|x64.ActiveCfg = Debug|Any CPU
		{C7498D0C-9F9E-4C57-82BB-2B53C3DD53FA}.Debug|x64.Build.0 = Debug|Any CPU
		{C7498D0C-9F9E-4C57-82BB-2B53C3DD53FA}.Debug|x86.ActiveCfg = Debug|Any CPU
		{C7498D0C-9F9E-4C57-82BB-2B53C3DD53FA}.Debug|x86.Build.0 = Debug|Any CPU
		{C7498D0C-9F9E-4C57-82BB-2B53C3DD53FA}.Release|Any CPU.ActiveCfg = Release|Any CPU
		{C7498D0C-9F9E-4C57-82BB-2B53C3DD53FA}.Release|Any CPU.Build.0 = Release|Any CPU
		{C7498D0C-9F9E-4C57-82BB-2B53C3DD53FA}.Release|x64.ActiveCfg = Release|Any CPU
		{C7498D0C-9F9E-4C57-82BB-2B53C3DD53FA}.Release|x64.Build.0 = Release|Any CPU
		{C7498D0C-9F9E-4C57-82BB-2B53C3DD53FA}.Release|x86.ActiveCfg = Release|Any CPU
		{C7498D0C-9F9E-4C57-82BB-2B53C3DD53FA}.Release|x86.Build.0 = Release|Any CPU
		{06841E2D-7CBA-40FA-A880-F372C9F3BEEA}.Debug|Any CPU.ActiveCfg = Debug|Any CPU
		{06841E2D-7CBA-40FA-A880-F372C9F3BEEA}.Debug|Any CPU.Build.0 = Debug|Any CPU
		{06841E2D-7CBA-40FA-A880-F372C9F3BEEA}.Debug|x64.ActiveCfg = Debug|Any CPU
		{06841E2D-7CBA-40FA-A880-F372C9F3BEEA}.Debug|x64.Build.0 = Debug|Any CPU
		{06841E2D-7CBA-40FA-A880-F372C9F3BEEA}.Debug|x86.ActiveCfg = Debug|Any CPU
		{06841E2D-7CBA-40FA-A880-F372C9F3BEEA}.Debug|x86.Build.0 = Debug|Any CPU
		{06841E2D-7CBA-40FA-A880-F372C9F3BEEA}.Release|Any CPU.ActiveCfg = Release|Any CPU
		{06841E2D-7CBA-40FA-A880-F372C9F3BEEA}.Release|Any CPU.Build.0 = Release|Any CPU
		{06841E2D-7CBA-40FA-A880-F372C9F3BEEA}.Release|x64.ActiveCfg = Release|Any CPU
		{06841E2D-7CBA-40FA-A880-F372C9F3BEEA}.Release|x64.Build.0 = Release|Any CPU
		{06841E2D-7CBA-40FA-A880-F372C9F3BEEA}.Release|x86.ActiveCfg = Release|Any CPU
		{06841E2D-7CBA-40FA-A880-F372C9F3BEEA}.Release|x86.Build.0 = Release|Any CPU
		{34E035F9-9ACD-4AC1-8749-1954528C6DE3}.Debug|Any CPU.ActiveCfg = Debug|Any CPU
		{34E035F9-9ACD-4AC1-8749-1954528C6DE3}.Debug|Any CPU.Build.0 = Debug|Any CPU
		{34E035F9-9ACD-4AC1-8749-1954528C6DE3}.Debug|x64.ActiveCfg = Debug|Any CPU
		{34E035F9-9ACD-4AC1-8749-1954528C6DE3}.Debug|x64.Build.0 = Debug|Any CPU
		{34E035F9-9ACD-4AC1-8749-1954528C6DE3}.Debug|x86.ActiveCfg = Debug|Any CPU
		{34E035F9-9ACD-4AC1-8749-1954528C6DE3}.Debug|x86.Build.0 = Debug|Any CPU
		{34E035F9-9ACD-4AC1-8749-1954528C6DE3}.Release|Any CPU.ActiveCfg = Release|Any CPU
		{34E035F9-9ACD-4AC1-8749-1954528C6DE3}.Release|Any CPU.Build.0 = Release|Any CPU
		{34E035F9-9ACD-4AC1-8749-1954528C6DE3}.Release|x64.ActiveCfg = Release|Any CPU
		{34E035F9-9ACD-4AC1-8749-1954528C6DE3}.Release|x64.Build.0 = Release|Any CPU
		{34E035F9-9ACD-4AC1-8749-1954528C6DE3}.Release|x86.ActiveCfg = Release|Any CPU
		{34E035F9-9ACD-4AC1-8749-1954528C6DE3}.Release|x86.Build.0 = Release|Any CPU
		{F6B6A751-AFB2-422C-8A28-837F6A2111D2}.Debug|Any CPU.ActiveCfg = Debug|Any CPU
		{F6B6A751-AFB2-422C-8A28-837F6A2111D2}.Debug|Any CPU.Build.0 = Debug|Any CPU
		{F6B6A751-AFB2-422C-8A28-837F6A2111D2}.Debug|x64.ActiveCfg = Debug|Any CPU
		{F6B6A751-AFB2-422C-8A28-837F6A2111D2}.Debug|x64.Build.0 = Debug|Any CPU
		{F6B6A751-AFB2-422C-8A28-837F6A2111D2}.Debug|x86.ActiveCfg = Debug|Any CPU
		{F6B6A751-AFB2-422C-8A28-837F6A2111D2}.Debug|x86.Build.0 = Debug|Any CPU
		{F6B6A751-AFB2-422C-8A28-837F6A2111D2}.Release|Any CPU.ActiveCfg = Release|Any CPU
		{F6B6A751-AFB2-422C-8A28-837F6A2111D2}.Release|Any CPU.Build.0 = Release|Any CPU
		{F6B6A751-AFB2-422C-8A28-837F6A2111D2}.Release|x64.ActiveCfg = Release|Any CPU
		{F6B6A751-AFB2-422C-8A28-837F6A2111D2}.Release|x64.Build.0 = Release|Any CPU
		{F6B6A751-AFB2-422C-8A28-837F6A2111D2}.Release|x86.ActiveCfg = Release|Any CPU
		{F6B6A751-AFB2-422C-8A28-837F6A2111D2}.Release|x86.Build.0 = Release|Any CPU
	EndGlobalSection
	GlobalSection(SolutionProperties) = preSolution
		HideSolutionNode = FALSE
	EndGlobalSection
	GlobalSection(NestedProjects) = preSolution
		{C531E153-2BB1-4E4E-885C-A97F640D8107} = {827E0CD3-B72D-47B6-A68D-7590B98EB39B}
		{CED73DA6-4599-403D-B14F-549FB884E904} = {827E0CD3-B72D-47B6-A68D-7590B98EB39B}
		{C7498D0C-9F9E-4C57-82BB-2B53C3DD53FA} = {827E0CD3-B72D-47B6-A68D-7590B98EB39B}
		{06841E2D-7CBA-40FA-A880-F372C9F3BEEA} = {827E0CD3-B72D-47B6-A68D-7590B98EB39B}
		{34E035F9-9ACD-4AC1-8749-1954528C6DE3} = {0AB3BF05-4346-4AA6-1389-037BE0695223}
		{F6B6A751-AFB2-422C-8A28-837F6A2111D2} = {0AB3BF05-4346-4AA6-1389-037BE0695223}
	EndGlobalSection
EndGlobal
